
Microsoft Visual Studio Solution File, Format Version 12.00
# Visual Studio Version 17
VisualStudioVersion = 17.13.35818.85 d17.13
MinimumVisualStudioVersion = 10.0.40219.1
Project("{FAE04EC0-301F-11D3-BF4B-00C04F79EFBC}") = "PortfolioWeb", "PortfolioWeb\PortfolioWeb.csproj", "{9F436072-455D-4D9D-9649-EB4C382E4295}"
EndProject
Global
	GlobalSection(SolutionConfigurationPlatforms) = preSolution
		Debug|Any CPU = Debug|Any CPU
		Release|Any CPU = Release|Any CPU
	EndGlobalSection
	GlobalSection(ProjectConfigurationPlatforms) = postSolution
		{9F436072-455D-4D9D-9649-EB4C382E4295}.Debug|Any CPU.ActiveCfg = Debug|Any CPU
		{9F436072-455D-4D9D-9649-EB4C382E4295}.Debug|Any CPU.Build.0 = Debug|Any CPU
		{9F436072-455D-4D9D-9649-EB4C382E4295}.Release|Any CPU.ActiveCfg = Release|Any CPU
		{9F436072-455D-4D9D-9649-EB4C382E4295}.Release|Any CPU.Build.0 = Release|Any CPU
	EndGlobalSection
	GlobalSection(SolutionProperties) = preSolution
		HideSolutionNode = FALSE
	EndGlobalSection
	GlobalSection(ExtensibilityGlobals) = postSolution
		SolutionGuid = {88B3BE85-F176-4C34-A3A7-E57641451436}
	EndGlobalSection
EndGlobal
